
Microsoft Visual Studio Solution File, Format Version 12.00
# Visual Studio Version 17
VisualStudioVersion = 17.12.35707.178
MinimumVisualStudioVersion = 10.0.40219.1
Project("{FAE04EC0-301F-11D3-BF4B-00C04F79EFBC}") = "Week3IfAndSwitch", "Week3IfAndSwitch\Week3IfAndSwitch.csproj", "{2FA33188-3881-4F41-957B-26242491E107}"
EndProject
Project("{FAE04EC0-301F-11D3-BF4B-00C04F79EFBC}") = "OddOrEven", "OddOrEven\OddOrEven.csproj", "{55089A53-8ECB-4669-A494-A4CDA19FAEDA}"
EndProject
Project("{FAE04EC0-301F-11D3-BF4B-00C04F79EFBC}") = "ifDayOfTheWeek", "ifDayOfTheWeek\ifDayOfTheWeek.csproj", "{C86C898A-1A10-454A-A4A1-F5FB071AA1D0}"
EndProject
Project("{FAE04EC0-301F-11D3-BF4B-00C04F79EFBC}") = "SwitchDayOfWeek", "SwitchDayOfWeek\SwitchDayOfWeek.csproj", "{6F954144-D47C-445C-AADF-AD27EDFB30F2}"
EndProject
Project("{FAE04EC0-301F-11D3-BF4B-00C04F79EFBC}") = "HinneIfstatement", "hinne\HinneIfstatement.csproj", "{0A8E05D7-7F9D-4FD8-9051-C8DC1E58F25D}"
EndProject
Project("{FAE04EC0-301F-11D3-BF4B-00C04F79EFBC}") = "HinneSWITCH", "HinneSWITCH\HinneSWITCH.csproj", "{46F0C31B-A6F8-405A-BDDE-87A7CAC3872D}"
EndProject
Global
	GlobalSection(SolutionConfigurationPlatforms) = preSolution
		Debug|Any CPU = Debug|Any CPU
		Release|Any CPU = Release|Any CPU
	EndGlobalSection
	GlobalSection(ProjectConfigurationPlatforms) = postSolution
		{2FA33188-3881-4F41-957B-26242491E107}.Debug|Any CPU.ActiveCfg = Debug|Any CPU
		{2FA33188-3881-4F41-957B-26242491E107}.Debug|Any CPU.Build.0 = Debug|Any CPU
		{2FA33188-3881-4F41-957B-26242491E107}.Release|Any CPU.ActiveCfg = Release|Any CPU
		{2FA33188-3881-4F41-957B-26242491E107}.Release|Any CPU.Build.0 = Release|Any CPU
		{55089A53-8ECB-4669-A494-A4CDA19FAEDA}.Debug|Any CPU.ActiveCfg = Debug|Any CPU
		{55089A53-8ECB-4669-A494-A4CDA19FAEDA}.Debug|Any CPU.Build.0 = Debug|Any CPU
		{55089A53-8ECB-4669-A494-A4CDA19FAEDA}.Release|Any CPU.ActiveCfg = Release|Any CPU
		{55089A53-8ECB-4669-A494-A4CDA19FAEDA}.Release|Any CPU.Build.0 = Release|Any CPU
		{C86C898A-1A10-454A-A4A1-F5FB071AA1D0}.Debug|Any CPU.ActiveCfg = Debug|Any CPU
		{C86C898A-1A10-454A-A4A1-F5FB071AA1D0}.Debug|Any CPU.Build.0 = Debug|Any CPU
		{C86C898A-1A10-454A-A4A1-F5FB071AA1D0}.Release|Any CPU.ActiveCfg = Release|Any CPU
		{C86C898A-1A10-454A-A4A1-F5FB071AA1D0}.Release|Any CPU.Build.0 = Release|Any CPU
		{6F954144-D47C-445C-AADF-AD27EDFB30F2}.Debug|Any CPU.ActiveCfg = Debug|Any CPU
		{6F954144-D47C-445C-AADF-AD27EDFB30F2}.Debug|Any CPU.Build.0 = Debug|Any CPU
		{6F954144-D47C-445C-AADF-AD27EDFB30F2}.Release|Any CPU.ActiveCfg = Release|Any CPU
		{6F954144-D47C-445C-AADF-AD27EDFB30F2}.Release|Any CPU.Build.0 = Release|Any CPU
		{0A8E05D7-7F9D-4FD8-9051-C8DC1E58F25D}.Debug|Any CPU.ActiveCfg = Debug|Any CPU
		{0A8E05D7-7F9D-4FD8-9051-C8DC1E58F25D}.Debug|Any CPU.Build.0 = Debug|Any CPU
		{0A8E05D7-7F9D-4FD8-9051-C8DC1E58F25D}.Release|Any CPU.ActiveCfg = Release|Any CPU
		{0A8E05D7-7F9D-4FD8-9051-C8DC1E58F25D}.Release|Any CPU.Build.0 = Release|Any CPU
		{46F0C31B-A6F8-405A-BDDE-87A7CAC3872D}.Debug|Any CPU.ActiveCfg = Debug|Any CPU
		{46F0C31B-A6F8-405A-BDDE-87A7CAC3872D}.Debug|Any CPU.Build.0 = Debug|Any CPU
		{46F0C31B-A6F8-405A-BDDE-87A7CAC3872D}.Release|Any CPU.ActiveCfg = Release|Any CPU
		{46F0C31B-A6F8-405A-BDDE-87A7CAC3872D}.Release|Any CPU.Build.0 = Release|Any CPU
	EndGlobalSection
	GlobalSection(SolutionProperties) = preSolution
		HideSolutionNode = FALSE
	EndGlobalSection
EndGlobal
